
Microsoft Visual Studio Solution File, Format Version 12.00
# Visual Studio Version 16
VisualStudioVersion = 16.0.29709.97
MinimumVisualStudioVersion = 10.0.40219.1
Project("{9A19103F-16F7-4668-BE54-9A1E7A4F7556}") = "OdeToFood", "OdeToFood\OdeToFood.csproj", "{AD28A97C-E606-4714-9920-E928D7DE6A80}"
EndProject
Project("{9A19103F-16F7-4668-BE54-9A1E7A4F7556}") = "OdeToFood.Core", "OdeToFood.Core\OdeToFood.Core.csproj", "{DEA6B64F-27C5-4EB7-AB6D-8117EAD3209F}"
EndProject
Project("{9A19103F-16F7-4668-BE54-9A1E7A4F7556}") = "OdeToFood.Data", "OdeToFood.Data\OdeToFood.Data.csproj", "{362A4603-6B0F-4D0C-A3D4-D4BFC3BEAAB7}"
EndProject
Project("{9A19103F-16F7-4668-BE54-9A1E7A4F7556}") = "OdeToFood.Web", "OdeToFood.Web\OdeToFood.Web.csproj", "{64B31734-DEE7-4A21-92D8-6122EAE11950}"
EndProject
Global
	GlobalSection(SolutionConfigurationPlatforms) = preSolution
		Debug|Any CPU = Debug|Any CPU
		Release|Any CPU = Release|Any CPU
	EndGlobalSection
	GlobalSection(ProjectConfigurationPlatforms) = postSolution
		{AD28A97C-E606-4714-9920-E928D7DE6A80}.Debug|Any CPU.ActiveCfg = Debug|Any CPU
		{AD28A97C-E606-4714-9920-E928D7DE6A80}.Debug|Any CPU.Build.0 = Debug|Any CPU
		{AD28A97C-E606-4714-9920-E928D7DE6A80}.Release|Any CPU.ActiveCfg = Release|Any CPU
		{AD28A97C-E606-4714-9920-E928D7DE6A80}.Release|Any CPU.Build.0 = Release|Any CPU
		{DEA6B64F-27C5-4EB7-AB6D-8117EAD3209F}.Debug|Any CPU.ActiveCfg = Debug|Any CPU
		{DEA6B64F-27C5-4EB7-AB6D-8117EAD3209F}.Debug|Any CPU.Build.0 = Debug|Any CPU
		{DEA6B64F-27C5-4EB7-AB6D-8117EAD3209F}.Release|Any CPU.ActiveCfg = Release|Any CPU
		{DEA6B64F-27C5-4EB7-AB6D-8117EAD3209F}.Release|Any CPU.Build.0 = Release|Any CPU
		{362A4603-6B0F-4D0C-A3D4-D4BFC3BEAAB7}.Debug|Any CPU.ActiveCfg = Debug|Any CPU
		{362A4603-6B0F-4D0C-A3D4-D4BFC3BEAAB7}.Debug|Any CPU.Build.0 = Debug|Any CPU
		{362A4603-6B0F-4D0C-A3D4-D4BFC3BEAAB7}.Release|Any CPU.ActiveCfg = Release|Any CPU
		{362A4603-6B0F-4D0C-A3D4-D4BFC3BEAAB7}.Release|Any CPU.Build.0 = Release|Any CPU
		{64B31734-DEE7-4A21-92D8-6122EAE11950}.Debug|Any CPU.ActiveCfg = Debug|Any CPU
		{64B31734-DEE7-4A21-92D8-6122EAE11950}.Debug|Any CPU.Build.0 = Debug|Any CPU
		{64B31734-DEE7-4A21-92D8-6122EAE11950}.Release|Any CPU.ActiveCfg = Release|Any CPU
		{64B31734-DEE7-4A21-92D8-6122EAE11950}.Release|Any CPU.Build.0 = Release|Any CPU
	EndGlobalSection
	GlobalSection(SolutionProperties) = preSolution
		HideSolutionNode = FALSE
	EndGlobalSection
	GlobalSection(ExtensibilityGlobals) = postSolution
		SolutionGuid = {59E0028A-70B1-472A-ABA7-AD8126445A43}
	EndGlobalSection
EndGlobal
