
Microsoft Visual Studio Solution File, Format Version 12.00
# Visual Studio Version 16
VisualStudioVersion = 16.0.29709.97
MinimumVisualStudioVersion = 10.0.40219.1
Project("{9A19103F-16F7-4668-BE54-9A1E7A4F7556}") = "OdeToFood.Web", "OdeToFood.Web.csproj", "{5EE0C3C6-7C7D-4628-92FC-7BFAAFEBB1B3}"
EndProject
Project("{FAE04EC0-301F-11D3-BF4B-00C04F79EFBC}") = "OdeToFood.Core", "..\OdeToFood.Core\OdeToFood.Core.csproj", "{24CF5D40-CA3F-4E65-895D-D0B051159383}"
EndProject
Project("{FAE04EC0-301F-11D3-BF4B-00C04F79EFBC}") = "OdeToFood", "..\OdeToFood\OdeToFood.csproj", "{29B32BB1-9794-4DC5-83E3-BF2C0CEC1EC1}"
EndProject
Project("{FAE04EC0-301F-11D3-BF4B-00C04F79EFBC}") = "OdeToFood.Data", "..\OdeToFood.Data\OdeToFood.Data.csproj", "{E9347B71-02C0-476E-BD41-9461AB7DAB36}"
EndProject
Global
	GlobalSection(SolutionConfigurationPlatforms) = preSolution
		Debug|Any CPU = Debug|Any CPU
		Release|Any CPU = Release|Any CPU
	EndGlobalSection
	GlobalSection(ProjectConfigurationPlatforms) = postSolution
		{5EE0C3C6-7C7D-4628-92FC-7BFAAFEBB1B3}.Debug|Any CPU.ActiveCfg = Debug|Any CPU
		{5EE0C3C6-7C7D-4628-92FC-7BFAAFEBB1B3}.Debug|Any CPU.Build.0 = Debug|Any CPU
		{5EE0C3C6-7C7D-4628-92FC-7BFAAFEBB1B3}.Release|Any CPU.ActiveCfg = Release|Any CPU
		{5EE0C3C6-7C7D-4628-92FC-7BFAAFEBB1B3}.Release|Any CPU.Build.0 = Release|Any CPU
		{24CF5D40-CA3F-4E65-895D-D0B051159383}.Debug|Any CPU.ActiveCfg = Debug|Any CPU
		{24CF5D40-CA3F-4E65-895D-D0B051159383}.Debug|Any CPU.Build.0 = Debug|Any CPU
		{24CF5D40-CA3F-4E65-895D-D0B051159383}.Release|Any CPU.ActiveCfg = Release|Any CPU
		{24CF5D40-CA3F-4E65-895D-D0B051159383}.Release|Any CPU.Build.0 = Release|Any CPU
		{29B32BB1-9794-4DC5-83E3-BF2C0CEC1EC1}.Debug|Any CPU.ActiveCfg = Debug|Any CPU
		{29B32BB1-9794-4DC5-83E3-BF2C0CEC1EC1}.Debug|Any CPU.Build.0 = Debug|Any CPU
		{29B32BB1-9794-4DC5-83E3-BF2C0CEC1EC1}.Release|Any CPU.ActiveCfg = Release|Any CPU
		{29B32BB1-9794-4DC5-83E3-BF2C0CEC1EC1}.Release|Any CPU.Build.0 = Release|Any CPU
		{E9347B71-02C0-476E-BD41-9461AB7DAB36}.Debug|Any CPU.ActiveCfg = Debug|Any CPU
		{E9347B71-02C0-476E-BD41-9461AB7DAB36}.Debug|Any CPU.Build.0 = Debug|Any CPU
		{E9347B71-02C0-476E-BD41-9461AB7DAB36}.Release|Any CPU.ActiveCfg = Release|Any CPU
		{E9347B71-02C0-476E-BD41-9461AB7DAB36}.Release|Any CPU.Build.0 = Release|Any CPU
	EndGlobalSection
	GlobalSection(SolutionProperties) = preSolution
		HideSolutionNode = FALSE
	EndGlobalSection
	GlobalSection(ExtensibilityGlobals) = postSolution
		SolutionGuid = {0C7D3A8D-52B3-41C3-B447-C58E2798B4B5}
	EndGlobalSection
EndGlobal
